{
  "name": "@desco/fist-to-last",
  "version": "1.0.0",
  "lockfileVersion": 1,
  "requires": true,
  "dependencies": {
    "is-array": {
      "version": "1.0.1",
      "resolved": "https://registry.npmjs.org/is-array/-/is-array-1.0.1.tgz",
      "integrity": "sha1-6YUMwsyGDDvAl36EzPDdRkWEJ5o="
    },
    "remove-array-items": {
      "version": "2.0.0",
      "resolved": "https://registry.npmjs.org/remove-array-items/-/remove-array-items-2.0.0.tgz",
      "integrity": "sha512-Y+tp6SI22JqDOCeBLdDIK6dBNbkeYd3IGwWfKvyIhN98MBI8r5L7oWtrJTLWoKYPniAwYJcWnsaBQfddsoVtag=="
    }
  }
}
